
Microsoft Visual Studio Solution File, Format Version 12.00
# Visual Studio 14
VisualStudioVersion = 14.0.25123.0
MinimumVisualStudioVersion = 10.0.40219.1
Project("{FAE04EC0-301F-11D3-BF4B-00C04F79EFBC}") = "HelloGitHub", "HelloGitHub\HelloGitHub.csproj", "{CE44EEB6-394B-4F10-9F62-D94A31C282EB}"
EndProject
Global
	GlobalSection(SolutionConfigurationPlatforms) = preSolution
		Debug|Any CPU = Debug|Any CPU
		Release|Any CPU = Release|Any CPU
	EndGlobalSection
	GlobalSection(ProjectConfigurationPlatforms) = postSolution
		{CE44EEB6-394B-4F10-9F62-D94A31C282EB}.Debug|Any CPU.ActiveCfg = Debug|Any CPU
		{CE44EEB6-394B-4F10-9F62-D94A31C282EB}.Debug|Any CPU.Build.0 = Debug|Any CPU
		{CE44EEB6-394B-4F10-9F62-D94A31C282EB}.Release|Any CPU.ActiveCfg = Release|Any CPU
		{CE44EEB6-394B-4F10-9F62-D94A31C282EB}.Release|Any CPU.Build.0 = Release|Any CPU
	EndGlobalSection
	GlobalSection(SolutionProperties) = preSolution
		HideSolutionNode = FALSE
	EndGlobalSection
EndGlobal
